// !$*UTF8*$!
{
	archiveVersion = 1;
	classes = {
	};
	objectVersion = 46;
	objects = {

/* Begin PBXBuildFile section */
		BC0D17AA1ACA2711007BD46D /* AppDelegate.swift in Sources */ = {isa = PBXBuildFile; fileRef = BC0D17A91ACA2711007BD46D /* AppDelegate.swift */; };
		BC0D17AC1ACA2711007BD46D /* ViewController.swift in Sources */ = {isa = PBXBuildFile; fileRef = BC0D17AB1ACA2711007BD46D /* ViewController.swift */; };
		BC0D17AF1ACA2711007BD46D /* Main.storyboard in Resources */ = {isa = PBXBuildFile; fileRef = BC0D17AD1ACA2711007BD46D /* Main.storyboard */; };
		BC0D17B11ACA2711007BD46D /* Images.xcassets in Resources */ = {isa = PBXBuildFile; fileRef = BC0D17B01ACA2711007BD46D /* Images.xcassets */; };
		BC0D17B41ACA2711007BD46D /* LaunchScreen.xib in Resources */ = {isa = PBXBuildFile; fileRef = BC0D17B21ACA2711007BD46D /* LaunchScreen.xib */; };
		BC0D17C01ACA2711007BD46D /* Echo_Nest_AppTests.swift in Sources */ = {isa = PBXBuildFile; fileRef = BC0D17BF1ACA2711007BD46D /* Echo_Nest_AppTests.swift */; };
/* End PBXBuildFile section */

/* Begin PBXContainerItemProxy section */
		BC0D17BA1ACA2711007BD46D /* PBXContainerItemProxy */ = {
			isa = PBXContainerItemProxy;
			containerPortal = BC0D179C1ACA2710007BD46D /* Project object */;
			proxyType = 1;
			remoteGlobalIDString = BC0D17A31ACA2711007BD46D;
			remoteInfo = "Echo Nest App";
		};
/* End PBXContainerItemProxy section */

/* Begin PBXFileReference section */
		BC0D17A41ACA2711007BD46D /* Echo Nest App.app */ = {isa = PBXFileReference; explicitFileType = wrapper.application; includeInIndex = 0; path = "Echo Nest App.app"; sourceTree = BUILT_PRODUCTS_DIR; };
		BC0D17A81ACA2711007BD46D /* Info.plist */ = {isa = PBXFileReference; lastKnownFileType = text.plist.xml; path = Info.plist; sourceTree = "<group>"; };
		BC0D17A91ACA2711007BD46D /* AppDelegate.swift */ = {isa = PBXFileReference; lastKnownFileType = sourcecode.swift; path = AppDelegate.swift; sourceTree = "<group>"; };
		BC0D17AB1ACA2711007BD46D /* ViewController.swift */ = {isa = PBXFileReference; lastKnownFileType = sourcecode.swift; path = ViewController.swift; sourceTree = "<group>"; };
		BC0D17AE1ACA2711007BD46D /* Base */ = {isa = PBXFileReference; lastKnownFileType = file.storyboard; name = Base; path = Base.lproj/Main.storyboard; sourceTree = "<group>"; };
		BC0D17B01ACA2711007BD46D /* Images.xcassets */ = {isa = PBXFileReference; lastKnownFileType = folder.assetcatalog; path = Images.xcassets; sourceTree = "<group>"; };
		BC0D17B31ACA2711007BD46D /* Base */ = {isa = PBXFileReference; lastKnownFileType = file.xib; name = Base; path = Base.lproj/LaunchScreen.xib; sourceTree = "<group>"; };
		BC0D17B91ACA2711007BD46D /* Echo Nest AppTests.xctest */ = {isa = PBXFileReference; explicitFileType = wrapper.cfbundle; includeInIndex = 0; path = "Echo Nest AppTests.xctest"; sourceTree = BUILT_PRODUCTS_DIR; };
		BC0D17BE1ACA2711007BD46D /* Info.plist */ = {isa = PBXFileReference; lastKnownFileType = text.plist.xml; path = Info.plist; sourceTree = "<group>"; };
		BC0D17BF1ACA2711007BD46D /* Echo_Nest_AppTests.swift */ = {isa = PBXFileReference; lastKnownFileType = sourcecode.swift; path = Echo_Nest_AppTests.swift; sourceTree = "<group>"; };
/* End PBXFileReference section */

/* Begin PBXFrameworksBuildPhase section */
		BC0D17A11ACA2711007BD46D /* Frameworks */ = {
			isa = PBXFrameworksBuildPhase;
			buildActionMask = 2147483647;
			files = (
			);
			runOnlyForDeploymentPostprocessing = 0;
		};
		BC0D17B61ACA2711007BD46D /* Frameworks */ = {
			isa = PBXFrameworksBuildPhase;
			buildActionMask = 2147483647;
			files = (
			);
			runOnlyForDeploymentPostprocessing = 0;
		};
/* End PBXFrameworksBuildPhase section */

/* Begin PBXGroup section */
		BC0D179B1ACA2710007BD46D = {
			isa = PBXGroup;
			children = (
				BC0D17A61ACA2711007BD46D /* Echo Nest App */,
				BC0D17BC1ACA2711007BD46D /* Echo Nest AppTests */,
				BC0D17A51ACA2711007BD46D /* Products */,
			);
			sourceTree = "<group>";
		};
		BC0D17A51ACA2711007BD46D /* Products */ = {
			isa = PBXGroup;
			children = (
				BC0D17A41ACA2711007BD46D /* Echo Nest App.app */,
				BC0D17B91ACA2711007BD46D /* Echo Nest AppTests.xctest */,
			);
			name = Products;
			sourceTree = "<group>";
		};
		BC0D17A61ACA2711007BD46D /* Echo Nest App */ = {
			isa = PBXGroup;
			children = (
				BC0D17A91ACA2711007BD46D /* AppDelegate.swift */,
				BC0D17AB1ACA2711007BD46D /* ViewController.swift */,
				BC0D17AD1ACA2711007BD46D /* Main.storyboard */,
				BC0D17B01ACA2711007BD46D /* Images.xcassets */,
				BC0D17B21ACA2711007BD46D /* LaunchScreen.xib */,
				BC0D17A71ACA2711007BD46D /* Supporting Files */,
			);
			path = "Echo Nest App";
			sourceTree = "<group>";
		};
		BC0D17A71ACA2711007BD46D /* Supporting Files */ = {
			isa = PBXGroup;
			children = (
				BC0D17A81ACA2711007BD46D /* Info.plist */,
			);
			name = "Supporting Files";
			sourceTree = "<group>";
		};
		BC0D17BC1ACA2711007BD46D /* Echo Nest AppTests */ = {
			isa = PBXGroup;
			children = (
				BC0D17BF1ACA2711007BD46D /* Echo_Nest_AppTests.swift */,
				BC0D17BD1ACA2711007BD46D /* Supporting Files */,
			);
			path = "Echo Nest AppTests";
			sourceTree = "<group>";
		};
		BC0D17BD1ACA2711007BD46D /* Supporting Files */ = {
			isa = PBXGroup;
			children = (
				BC0D17BE1ACA2711007BD46D /* Info.plist */,
			);
			name = "Supporting Files";
			sourceTree = "<group>";
		};
/* End PBXGroup section */

/* Begin PBXNativeTarget section */
		BC0D17A31ACA2711007BD46D /* Echo Nest App */ = {
			isa = PBXNativeTarget;
			buildConfigurationList = BC0D17C31ACA2711007BD46D /* Build configuration list for PBXNativeTarget "Echo Nest App" */;
			buildPhases = (
				BC0D17A01ACA2711007BD46D /* Sources */,
				BC0D17A11ACA2711007BD46D /* Frameworks */,
				BC0D17A21ACA2711007BD46D /* Resources */,
			);
			buildRules = (
			);
			dependencies = (
			);
			name = "Echo Nest App";
			productName = "Echo Nest App";
			productReference = BC0D17A41ACA2711007BD46D /* Echo Nest App.app */;
			productType = "com.apple.product-type.application";
		};
		BC0D17B81ACA2711007BD46D /* Echo Nest AppTests */ = {
			isa = PBXNativeTarget;
			buildConfigurationList = BC0D17C61ACA2711007BD46D /* Build configuration list for PBXNativeTarget "Echo Nest AppTests" */;
			buildPhases = (
				BC0D17B51ACA2711007BD46D /* Sources */,
				BC0D17B61ACA2711007BD46D /* Frameworks */,
				BC0D17B71ACA2711007BD46D /* Resources */,
			);
			buildRules = (
			);
			dependencies = (
				BC0D17BB1ACA2711007BD46D /* PBXTargetDependency */,
			);
			name = "Echo Nest AppTests";
			productName = "Echo Nest AppTests";
			productReference = BC0D17B91ACA2711007BD46D /* Echo Nest AppTests.xctest */;
			productType = "com.apple.product-type.bundle.unit-test";
		};
/* End PBXNativeTarget section */

/* Begin PBXProject section */
		BC0D179C1ACA2710007BD46D /* Project object */ = {
			isa = PBXProject;
			attributes = {
				LastUpgradeCheck = 0610;
				ORGANIZATIONNAME = Apress;
				TargetAttributes = {
					BC0D17A31ACA2711007BD46D = {
						CreatedOnToolsVersion = 6.1.1;
					};
					BC0D17B81ACA2711007BD46D = {
						CreatedOnToolsVersion = 6.1.1;
						TestTargetID = BC0D17A31ACA2711007BD46D;
					};
				};
			};
			buildConfigurationList = BC0D179F1ACA2710007BD46D /* Build configuration list for PBXProject "Echo Nest App" */;
			compatibilityVersion = "Xcode 3.2";
			developmentRegion = English;
			hasScannedForEncodings = 0;
			knownRegions = (
				en,
				Base,
			);
			mainGroup = BC0D179B1ACA2710007BD46D;
			productRefGroup = BC0D17A51ACA2711007BD46D /* Products */;
			projectDirPath = "";
			projectRoot = "";
			targets = (
				BC0D17A31ACA2711007BD46D /* Echo Nest App */,
				BC0D17B81ACA2711007BD46D /* Echo Nest AppTests */,
			);
		};
/* End PBXProject section */

/* Begin PBXResourcesBuildPhase section */
		BC0D17A21ACA2711007BD46D /* Resources */ = {
			isa = PBXResourcesBuildPhase;
			buildActionMask = 2147483647;
			files = (
				BC0D17AF1ACA2711007BD46D /* Main.storyboard in Resources */,
				BC0D17B41ACA2711007BD46D /* LaunchScreen.xib in Resources */,
				BC0D17B11ACA2711007BD46D /* Images.xcassets in Resources */,
			);
			runOnlyForDeploymentPostprocessing = 0;
		};
		BC0D17B71ACA2711007BD46D /* Resources */ = {
			isa = PBXResourcesBuildPhase;
			buildActionMask = 2147483647;
			files = (
			);
			runOnlyForDeploymentPostprocessing = 0;
		};
/* End PBXResourcesBuildPhase section */

/* Begin PBXSourcesBuildPhase section */
		BC0D17A01ACA2711007BD46D /* Sources */ = {
			isa = PBXSourcesBuildPhase;
			buildActionMask = 2147483647;
			files = (
				BC0D17AC1ACA2711007BD46D /* ViewController.swift in Sources */,
				BC0D17AA1ACA2711007BD46D /* AppDelegate.swift in Sources */,
			);
			runOnlyForDeploymentPostprocessing = 0;
		};
		BC0D17B51ACA2711007BD46D /* Sources */ = {
			isa = PBXSourcesBuildPhase;
			buildActionMask = 2147483647;
			files = (
				BC0D17C01ACA2711007BD46D /* Echo_Nest_AppTests.swift in Sources */,
			);
			runOnlyForDeploymentPostprocessing = 0;
		};
/* End PBXSourcesBuildPhase section */

/* Begin PBXTargetDependency section */
		BC0D17BB1ACA2711007BD46D /* PBXTargetDependency */ = {
			isa = PBXTargetDependency;
			target = BC0D17A31ACA2711007BD46D /* Echo Nest App */;
			targetProxy = BC0D17BA1ACA2711007BD46D /* PBXContainerItemProxy */;
		};
/* End PBXTargetDependency section */

/* Begin PBXVariantGroup section */
		BC0D17AD1ACA2711007BD46D /* Main.storyboard */ = {
			isa = PBXVariantGroup;
			children = (
				BC0D17AE1ACA2711007BD46D /* Base */,
			);
			name = Main.storyboard;
			sourceTree = "<group>";
		};
		BC0D17B21ACA2711007BD46D /* LaunchScreen.xib */ = {
			isa = PBXVariantGroup;
			children = (
				BC0D17B31ACA2711007BD46D /* Base */,
			);
			name = LaunchScreen.xib;
			sourceTree = "<group>";
		};
/* End PBXVariantGroup section */

/* Begin XCBuildConfiguration section */
		BC0D17C11ACA2711007BD46D /* Debug */ = {
			isa = XCBuildConfiguration;
			buildSettings = {
				ALWAYS_SEARCH_USER_PATHS = NO;
				CLANG_CXX_LANGUAGE_STANDARD = "gnu++0x";
				CLANG_CXX_LIBRARY = "libc++";
				CLANG_ENABLE_MODULES = YES;
				CLANG_ENABLE_OBJC_ARC = YES;
				CLANG_WARN_BOOL_CONVERSION = YES;
				CLANG_WARN_CONSTANT_CONVERSION = YES;
				CLANG_WARN_DIRECT_OBJC_ISA_USAGE = YES_ERROR;
				CLANG_WARN_EMPTY_BODY = YES;
				CLANG_WARN_ENUM_CONVERSION = YES;
				CLANG_WARN_INT_CONVERSION = YES;
				CLANG_WARN_OBJC_ROOT_CLASS = YES_ERROR;
				CLANG_WARN_UNREACHABLE_CODE = YES;
				CLANG_WARN__DUPLICATE_METHOD_MATCH = YES;
				"CODE_SIGN_IDENTITY[sdk=iphoneos*]" = "iPhone Developer";
				COPY_PHASE_STRIP = NO;
				ENABLE_STRICT_OBJC_MSGSEND = YES;
				GCC_C_LANGUAGE_STANDARD = gnu99;
				GCC_DYNAMIC_NO_PIC = NO;
				GCC_OPTIMIZATION_LEVEL = 0;
				GCC_PREPROCESSOR_DEFINITIONS = (
					"DEBUG=1",
					"$(inherited)",
				);
				GCC_SYMBOLS_PRIVATE_EXTERN = NO;
				GCC_WARN_64_TO_32_BIT_CONVERSION = YES;
				GCC_WARN_ABOUT_RETURN_TYPE = YES_ERROR;
				GCC_WARN_UNDECLARED_SELECTOR = YES;
				GCC_WARN_UNINITIALIZED_AUTOS = YES_AGGRESSIVE;
				GCC_WARN_UNUSED_FUNCTION = YES;
				GCC_WARN_UNUSED_VARIABLE = YES;
				IPHONEOS_DEPLOYMENT_TARGET = 8.1;
				MTL_ENABLE_DEBUG_INFO = YES;
				ONLY_ACTIVE_ARCH = YES;
				SDKROOT = iphoneos;
				SWIFT_OPTIMIZATION_LEVEL = "-Onone";
				TARGETED_DEVICE_FAMILY = 2;
			};
			name = Debug;
		};
		BC0D17C21ACA2711007BD46D /* Release */ = {
			isa = XCBuildConfiguration;
			buildSettings = {
				ALWAYS_SEARCH_USER_PATHS = NO;
				CLANG_CXX_LANGUAGE_STANDARD = "gnu++0x";
				CLANG_CXX_LIBRARY = "libc++";
				CLANG_ENABLE_MODULES = YES;
				CLANG_ENABLE_OBJC_ARC = YES;
				CLANG_WARN_BOOL_CONVERSION = YES;
				CLANG_WARN_CONSTANT_CONVERSION = YES;
				CLANG_WARN_DIRECT_OBJC_ISA_USAGE = YES_ERROR;
				CLANG_WARN_EMPTY_BODY = YES;
				CLANG_WARN_ENUM_CONVERSION = YES;
				CLANG_WARN_INT_CONVERSION = YES;
				CLANG_WARN_OBJC_ROOT_CLASS = YES_ERROR;
				CLANG_WARN_UNREACHABLE_CODE = YES;
				CLANG_WARN__DUPLICATE_METHOD_MATCH = YES;
				"CODE_SIGN_IDENTITY[sdk=iphoneos*]" = "iPhone Developer";
				COPY_PHASE_STRIP = YES;
				ENABLE_NS_ASSERTIONS = NO;
				ENABLE_STRICT_OBJC_MSGSEND = YES;
				GCC_C_LANGUAGE_STANDARD = gnu99;
				GCC_WARN_64_TO_32_BIT_CONVERSION = YES;
				GCC_WARN_ABOUT_RETURN_TYPE = YES_ERROR;
				GCC_WARN_UNDECLARED_SELECTOR = YES;
				GCC_WARN_UNINITIALIZED_AUTOS = YES_AGGRESSIVE;
				GCC_WARN_UNUSED_FUNCTION = YES;
				GCC_WARN_UNUSED_VARIABLE = YES;
				IPHONEOS_DEPLOYMENT_TARGET = 8.1;
				MTL_ENABLE_DEBUG_INFO = NO;
				SDKROOT = iphoneos;
				TARGETED_DEVICE_FAMILY = 2;
				VALIDATE_PRODUCT = YES;
			};
			name = Release;
		};
		BC0D17C41ACA2711007BD46D /* Debug */ = {
			isa = XCBuildConfiguration;
			buildSettings = {
				ASSETCATALOG_COMPILER_APPICON_NAME = AppIcon;
				INFOPLIST_FILE = "Echo Nest App/Info.plist";
				LD_RUNPATH_SEARCH_PATHS = "$(inherited) @executable_path/Frameworks";
				PRODUCT_NAME = "$(TARGET_NAME)";
			};
			name = Debug;
		};
		BC0D17C51ACA2711007BD46D /* Release */ = {
			isa = XCBuildConfiguration;
			buildSettings = {
				ASSETCATALOG_COMPILER_APPICON_NAME = AppIcon;
				INFOPLIST_FILE = "Echo Nest App/Info.plist";
				LD_RUNPATH_SEARCH_PATHS = "$(inherited) @executable_path/Frameworks";
				PRODUCT_NAME = "$(TARGET_NAME)";
			};
			name = Release;
		};
		BC0D17C71ACA2711007BD46D /* Debug */ = {
			isa = XCBuildConfiguration;
			buildSettings = {
				BUNDLE_LOADER = "$(TEST_HOST)";
				FRAMEWORK_SEARCH_PATHS = (
					"$(SDKROOT)/Developer/Library/Frameworks",
					"$(inherited)",
				);
				GCC_PREPROCESSOR_DEFINITIONS = (
					"DEBUG=1",
					"$(inherited)",
				);
				INFOPLIST_FILE = "Echo Nest AppTests/Info.plist";
				LD_RUNPATH_SEARCH_PATHS = "$(inherited) @executable_path/Frameworks @loader_path/Frameworks";
				PRODUCT_NAME = "$(TARGET_NAME)";
				TEST_HOST = "$(BUILT_PRODUCTS_DIR)/Echo Nest App.app/Echo Nest App";
			};
			name = Debug;
		};
		BC0D17C81ACA2711007BD46D /* Release */ = {
			isa = XCBuildConfiguration;
			buildSettings = {
				BUNDLE_LOADER = "$(TEST_HOST)";
				FRAMEWORK_SEARCH_PATHS = (
					"$(SDKROOT)/Developer/Library/Frameworks",
					"$(inherited)",
				);
				INFOPLIST_FILE = "Echo Nest AppTests/Info.plist";
				LD_RUNPATH_SEARCH_PATHS = "$(inherited) @executable_path/Frameworks @loader_path/Frameworks";
				PRODUCT_NAME = "$(TARGET_NAME)";
				TEST_HOST = "$(BUILT_PRODUCTS_DIR)/Echo Nest App.app/Echo Nest App";
			};
			name = Release;
		};
/* End XCBuildConfiguration section */

/* Begin XCConfigurationList section */
		BC0D179F1ACA2710007BD46D /* Build configuration list for PBXProject "Echo Nest App" */ = {
			isa = XCConfigurationList;
			buildConfigurations = (
				BC0D17C11ACA2711007BD46D /* Debug */,
				BC0D17C21ACA2711007BD46D /* Release */,
			);
			defaultConfigurationIsVisible = 0;
			defaultConfigurationName = Release;
		};
		BC0D17C31ACA2711007BD46D /* Build configuration list for PBXNativeTarget "Echo Nest App" */ = {
			isa = XCConfigurationList;
			buildConfigurations = (
				BC0D17C41ACA2711007BD46D /* Debug */,
				BC0D17C51ACA2711007BD46D /* Release */,
			);
			defaultConfigurationIsVisible = 0;
		};
		BC0D17C61ACA2711007BD46D /* Build configuration list for PBXNativeTarget "Echo Nest AppTests" */ = {
			isa = XCConfigurationList;
			buildConfigurations = (
				BC0D17C71ACA2711007BD46D /* Debug */,
				BC0D17C81ACA2711007BD46D /* Release */,
			);
			defaultConfigurationIsVisible = 0;
		};
/* End XCConfigurationList section */
	};
	rootObject = BC0D179C1ACA2710007BD46D /* Project object */;
}
